
Microsoft Visual Studio Solution File, Format Version 12.00
# Visual Studio Version 17
VisualStudioVersion = 17.3.32922.545
MinimumVisualStudioVersion = 10.0.40219.1
Project("{FAE04EC0-301F-11D3-BF4B-00C04F79EFBC}") = "DotNetChallenge", "DotNetChallenge\DotNetChallenge.csproj", "{DF8A1323-2A69-450E-98B7-00E889408789}"
EndProject
Project("{FAE04EC0-301F-11D3-BF4B-00C04F79EFBC}") = "DotNetChallengeTests", "DotNetChallengeTests\DotNetChallengeTests.csproj", "{C81F0762-736E-43DF-9AC6-F49B37CB7B96}"
EndProject
Global
	GlobalSection(SolutionConfigurationPlatforms) = preSolution
		Debug|Any CPU = Debug|Any CPU
		Release|Any CPU = Release|Any CPU
	EndGlobalSection
	GlobalSection(ProjectConfigurationPlatforms) = postSolution
		{DF8A1323-2A69-450E-98B7-00E889408789}.Debug|Any CPU.ActiveCfg = Debug|Any CPU
		{DF8A1323-2A69-450E-98B7-00E889408789}.Debug|Any CPU.Build.0 = Debug|Any CPU
		{DF8A1323-2A69-450E-98B7-00E889408789}.Release|Any CPU.ActiveCfg = Release|Any CPU
		{DF8A1323-2A69-450E-98B7-00E889408789}.Release|Any CPU.Build.0 = Release|Any CPU
		{C81F0762-736E-43DF-9AC6-F49B37CB7B96}.Debug|Any CPU.ActiveCfg = Debug|Any CPU
		{C81F0762-736E-43DF-9AC6-F49B37CB7B96}.Debug|Any CPU.Build.0 = Debug|Any CPU
		{C81F0762-736E-43DF-9AC6-F49B37CB7B96}.Release|Any CPU.ActiveCfg = Release|Any CPU
		{C81F0762-736E-43DF-9AC6-F49B37CB7B96}.Release|Any CPU.Build.0 = Release|Any CPU
	EndGlobalSection
	GlobalSection(SolutionProperties) = preSolution
		HideSolutionNode = FALSE
	EndGlobalSection
	GlobalSection(ExtensibilityGlobals) = postSolution
		SolutionGuid = {D1C22422-08D2-4DA0-947E-9B77E3E32523}
	EndGlobalSection
EndGlobal
